
Microsoft Visual Studio Solution File, Format Version 12.00
# Visual Studio Version 16
VisualStudioVersion = 16.0.30204.135
MinimumVisualStudioVersion = 10.0.40219.1
Project("{FAE04EC0-301F-11D3-BF4B-00C04F79EFBC}") = "KefalosApi", "KefalosApi.csproj", "{3059A1D8-D6CB-4F42-B9E2-DEBBD8A9F6E1}"
EndProject
Global
	GlobalSection(SolutionConfigurationPlatforms) = preSolution
		Debug|Any CPU = Debug|Any CPU
		Release|Any CPU = Release|Any CPU
	EndGlobalSection
	GlobalSection(ProjectConfigurationPlatforms) = postSolution
		{3059A1D8-D6CB-4F42-B9E2-DEBBD8A9F6E1}.Debug|Any CPU.ActiveCfg = Debug|Any CPU
		{3059A1D8-D6CB-4F42-B9E2-DEBBD8A9F6E1}.Debug|Any CPU.Build.0 = Debug|Any CPU
		{3059A1D8-D6CB-4F42-B9E2-DEBBD8A9F6E1}.Release|Any CPU.ActiveCfg = Release|Any CPU
		{3059A1D8-D6CB-4F42-B9E2-DEBBD8A9F6E1}.Release|Any CPU.Build.0 = Release|Any CPU
	EndGlobalSection
	GlobalSection(SolutionProperties) = preSolution
		HideSolutionNode = FALSE
	EndGlobalSection
	GlobalSection(ExtensibilityGlobals) = postSolution
		SolutionGuid = {FBE9C3EF-5D9D-4437-9973-862404CAC867}
	EndGlobalSection
EndGlobal
